// !$*UTF8*$!
{
	archiveVersion = 1;
	classes = {
	};
	objectVersion = 50;
	objects = {

/* Begin PBXBuildFile section */
		510660B22529D8B100967082 /* Pacifico-Regular.ttf in Resources */ = {isa = PBXBuildFile; fileRef = 510660B12529D8B100967082 /* Pacifico-Regular.ttf */; };
		517A20502529F9E200DD4F33 /* InfoView.swift in Sources */ = {isa = PBXBuildFile; fileRef = 517A204F2529F9E200DD4F33 /* InfoView.swift */; };
		519FFB32251B8D8800CFC152 /* MaxCardApp.swift in Sources */ = {isa = PBXBuildFile; fileRef = 519FFB31251B8D8800CFC152 /* MaxCardApp.swift */; };
		519FFB34251B8D8800CFC152 /* ContentView.swift in Sources */ = {isa = PBXBuildFile; fileRef = 519FFB33251B8D8800CFC152 /* ContentView.swift */; };
		519FFB36251B8D8900CFC152 /* Assets.xcassets in Resources */ = {isa = PBXBuildFile; fileRef = 519FFB35251B8D8900CFC152 /* Assets.xcassets */; };
		519FFB39251B8D8900CFC152 /* Preview Assets.xcassets in Resources */ = {isa = PBXBuildFile; fileRef = 519FFB38251B8D8900CFC152 /* Preview Assets.xcassets */; };
/* End PBXBuildFile section */

/* Begin PBXFileReference section */
		510660B12529D8B100967082 /* Pacifico-Regular.ttf */ = {isa = PBXFileReference; lastKnownFileType = file; path = "Pacifico-Regular.ttf"; sourceTree = "<group>"; };
		517A204F2529F9E200DD4F33 /* InfoView.swift */ = {isa = PBXFileReference; lastKnownFileType = sourcecode.swift; path = InfoView.swift; sourceTree = "<group>"; };
		519FFB2E251B8D8800CFC152 /* MaxCard.app */ = {isa = PBXFileReference; explicitFileType = wrapper.application; includeInIndex = 0; path = MaxCard.app; sourceTree = BUILT_PRODUCTS_DIR; };
		519FFB31251B8D8800CFC152 /* MaxCardApp.swift */ = {isa = PBXFileReference; lastKnownFileType = sourcecode.swift; path = MaxCardApp.swift; sourceTree = "<group>"; };
		519FFB33251B8D8800CFC152 /* ContentView.swift */ = {isa = PBXFileReference; lastKnownFileType = sourcecode.swift; path = ContentView.swift; sourceTree = "<group>"; };
		519FFB35251B8D8900CFC152 /* Assets.xcassets */ = {isa = PBXFileReference; lastKnownFileType = folder.assetcatalog; path = Assets.xcassets; sourceTree = "<group>"; };
		519FFB38251B8D8900CFC152 /* Preview Assets.xcassets */ = {isa = PBXFileReference; lastKnownFileType = folder.assetcatalog; path = "Preview Assets.xcassets"; sourceTree = "<group>"; };
		519FFB3A251B8D8900CFC152 /* Info.plist */ = {isa = PBXFileReference; lastKnownFileType = text.plist.xml; path = Info.plist; sourceTree = "<group>"; };
/* End PBXFileReference section */

/* Begin PBXFrameworksBuildPhase section */
		519FFB2B251B8D8800CFC152 /* Frameworks */ = {
			isa = PBXFrameworksBuildPhase;
			buildActionMask = 2147483647;
			files = (
			);
			runOnlyForDeploymentPostprocessing = 0;
		};
/* End PBXFrameworksBuildPhase section */

/* Begin PBXGroup section */
		510660B02529D81700967082 /* fonts */ = {
			isa = PBXGroup;
			children = (
				510660B12529D8B100967082 /* Pacifico-Regular.ttf */,
			);
			path = fonts;
			sourceTree = "<group>";
		};
		519FFB25251B8D8800CFC152 = {
			isa = PBXGroup;
			children = (
				519FFB30251B8D8800CFC152 /* MaxCard */,
				519FFB2F251B8D8800CFC152 /* Products */,
			);
			sourceTree = "<group>";
		};
		519FFB2F251B8D8800CFC152 /* Products */ = {
			isa = PBXGroup;
			children = (
				519FFB2E251B8D8800CFC152 /* MaxCard.app */,
			);
			name = Products;
			sourceTree = "<group>";
		};
		519FFB30251B8D8800CFC152 /* MaxCard */ = {
			isa = PBXGroup;
			children = (
				510660B02529D81700967082 /* fonts */,
				519FFB31251B8D8800CFC152 /* MaxCardApp.swift */,
				519FFB33251B8D8800CFC152 /* ContentView.swift */,
				517A204F2529F9E200DD4F33 /* InfoView.swift */,
				519FFB35251B8D8900CFC152 /* Assets.xcassets */,
				519FFB3A251B8D8900CFC152 /* Info.plist */,
				519FFB37251B8D8900CFC152 /* Preview Content */,
			);
			path = MaxCard;
			sourceTree = "<group>";
		};
		519FFB37251B8D8900CFC152 /* Preview Content */ = {
			isa = PBXGroup;
			children = (
				519FFB38251B8D8900CFC152 /* Preview Assets.xcassets */,
			);
			path = "Preview Content";
			sourceTree = "<group>";
		};
/* End PBXGroup section */

/* Begin PBXNativeTarget section */
		519FFB2D251B8D8800CFC152 /* MaxCard */ = {
			isa = PBXNativeTarget;
			buildConfigurationList = 519FFB3D251B8D8900CFC152 /* Build configuration list for PBXNativeTarget "MaxCard" */;
			buildPhases = (
				519FFB2A251B8D8800CFC152 /* Sources */,
				519FFB2B251B8D8800CFC152 /* Frameworks */,
				519FFB2C251B8D8800CFC152 /* Resources */,
			);
			buildRules = (
			);
			dependencies = (
			);
			name = MaxCard;
			productName = MaxCard;
			productReference = 519FFB2E251B8D8800CFC152 /* MaxCard.app */;
			productType = "com.apple.product-type.application";
		};
/* End PBXNativeTarget section */

/* Begin PBXProject section */
		519FFB26251B8D8800CFC152 /* Project object */ = {
			isa = PBXProject;
			attributes = {
				LastSwiftUpdateCheck = 1200;
				LastUpgradeCheck = 1200;
				TargetAttributes = {
					519FFB2D251B8D8800CFC152 = {
						CreatedOnToolsVersion = 12.0;
					};
				};
			};
			buildConfigurationList = 519FFB29251B8D8800CFC152 /* Build configuration list for PBXProject "MaxCard" */;
			compatibilityVersion = "Xcode 9.3";
			developmentRegion = en;
			hasScannedForEncodings = 0;
			knownRegions = (
				en,
				Base,
			);
			mainGroup = 519FFB25251B8D8800CFC152;
			productRefGroup = 519FFB2F251B8D8800CFC152 /* Products */;
			projectDirPath = "";
			projectRoot = "";
			targets = (
				519FFB2D251B8D8800CFC152 /* MaxCard */,
			);
		};
/* End PBXProject section */

/* Begin PBXResourcesBuildPhase section */
		519FFB2C251B8D8800CFC152 /* Resources */ = {
			isa = PBXResourcesBuildPhase;
			buildActionMask = 2147483647;
			files = (
				510660B22529D8B100967082 /* Pacifico-Regular.ttf in Resources */,
				519FFB39251B8D8900CFC152 /* Preview Assets.xcassets in Resources */,
				519FFB36251B8D8900CFC152 /* Assets.xcassets in Resources */,
			);
			runOnlyForDeploymentPostprocessing = 0;
		};
/* End PBXResourcesBuildPhase section */

/* Begin PBXSourcesBuildPhase section */
		519FFB2A251B8D8800CFC152 /* Sources */ = {
			isa = PBXSourcesBuildPhase;
			buildActionMask = 2147483647;
			files = (
				519FFB34251B8D8800CFC152 /* ContentView.swift in Sources */,
				517A20502529F9E200DD4F33 /* InfoView.swift in Sources */,
				519FFB32251B8D8800CFC152 /* MaxCardApp.swift in Sources */,
			);
			runOnlyForDeploymentPostprocessing = 0;
		};
/* End PBXSourcesBuildPhase section */

/* Begin XCBuildConfiguration section */
		519FFB3B251B8D8900CFC152 /* Debug */ = {
			isa = XCBuildConfiguration;
			buildSettings = {
				ALWAYS_SEARCH_USER_PATHS = NO;
				CLANG_ANALYZER_NONNULL = YES;
				CLANG_ANALYZER_NUMBER_OBJECT_CONVERSION = YES_AGGRESSIVE;
				CLANG_CXX_LANGUAGE_STANDARD = "gnu++14";
				CLANG_CXX_LIBRARY = "libc++";
				CLANG_ENABLE_MODULES = YES;
				CLANG_ENABLE_OBJC_ARC = YES;
				CLANG_ENABLE_OBJC_WEAK = YES;
				CLANG_WARN_BLOCK_CAPTURE_AUTORELEASING = YES;
				CLANG_WARN_BOOL_CONVERSION = YES;
				CLANG_WARN_COMMA = YES;
				CLANG_WARN_CONSTANT_CONVERSION = YES;
				CLANG_WARN_DEPRECATED_OBJC_IMPLEMENTATIONS = YES;
				CLANG_WARN_DIRECT_OBJC_ISA_USAGE = YES_ERROR;
				CLANG_WARN_DOCUMENTATION_COMMENTS = YES;
				CLANG_WARN_EMPTY_BODY = YES;
				CLANG_WARN_ENUM_CONVERSION = YES;
				CLANG_WARN_INFINITE_RECURSION = YES;
				CLANG_WARN_INT_CONVERSION = YES;
				CLANG_WARN_NON_LITERAL_NULL_CONVERSION = YES;
				CLANG_WARN_OBJC_IMPLICIT_RETAIN_SELF = YES;
				CLANG_WARN_OBJC_LITERAL_CONVERSION = YES;
				CLANG_WARN_OBJC_ROOT_CLASS = YES_ERROR;
				CLANG_WARN_QUOTED_INCLUDE_IN_FRAMEWORK_HEADER = YES;
				CLANG_WARN_RANGE_LOOP_ANALYSIS = YES;
				CLANG_WARN_STRICT_PROTOTYPES = YES;
				CLANG_WARN_SUSPICIOUS_MOVE = YES;
				CLANG_WARN_UNGUARDED_AVAILABILITY = YES_AGGRESSIVE;
				CLANG_WARN_UNREACHABLE_CODE = YES;
				CLANG_WARN__DUPLICATE_METHOD_MATCH = YES;
				COPY_PHASE_STRIP = NO;
				DEBUG_INFORMATION_FORMAT = dwarf;
				ENABLE_STRICT_OBJC_MSGSEND = YES;
				ENABLE_TESTABILITY = YES;
				GCC_C_LANGUAGE_STANDARD = gnu11;
				GCC_DYNAMIC_NO_PIC = NO;
				GCC_NO_COMMON_BLOCKS = YES;
				GCC_OPTIMIZATION_LEVEL = 0;
				GCC_PREPROCESSOR_DEFINITIONS = (
					"DEBUG=1",
					"$(inherited)",
				);
				GCC_WARN_64_TO_32_BIT_CONVERSION = YES;
				GCC_WARN_ABOUT_RETURN_TYPE = YES_ERROR;
				GCC_WARN_UNDECLARED_SELECTOR = YES;
				GCC_WARN_UNINITIALIZED_AUTOS = YES_AGGRESSIVE;
				GCC_WARN_UNUSED_FUNCTION = YES;
				GCC_WARN_UNUSED_VARIABLE = YES;
				IPHONEOS_DEPLOYMENT_TARGET = 14.0;
				MTL_ENABLE_DEBUG_INFO = INCLUDE_SOURCE;
				MTL_FAST_MATH = YES;
				ONLY_ACTIVE_ARCH = YES;
				SDKROOT = iphoneos;
				SWIFT_ACTIVE_COMPILATION_CONDITIONS = DEBUG;
				SWIFT_OPTIMIZATION_LEVEL = "-Onone";
			};
			name = Debug;
		};
		519FFB3C251B8D8900CFC152 /* Release */ = {
			isa = XCBuildConfiguration;
			buildSettings = {
				ALWAYS_SEARCH_USER_PATHS = NO;
				CLANG_ANALYZER_NONNULL = YES;
				CLANG_ANALYZER_NUMBER_OBJECT_CONVERSION = YES_AGGRESSIVE;
				CLANG_CXX_LANGUAGE_STANDARD = "gnu++14";
				CLANG_CXX_LIBRARY = "libc++";
				CLANG_ENABLE_MODULES = YES;
				CLANG_ENABLE_OBJC_ARC = YES;
				CLANG_ENABLE_OBJC_WEAK = YES;
				CLANG_WARN_BLOCK_CAPTURE_AUTORELEASING = YES;
				CLANG_WARN_BOOL_CONVERSION = YES;
				CLANG_WARN_COMMA = YES;
				CLANG_WARN_CONSTANT_CONVERSION = YES;
				CLANG_WARN_DEPRECATED_OBJC_IMPLEMENTATIONS = YES;
				CLANG_WARN_DIRECT_OBJC_ISA_USAGE = YES_ERROR;
				CLANG_WARN_DOCUMENTATION_COMMENTS = YES;
				CLANG_WARN_EMPTY_BODY = YES;
				CLANG_WARN_ENUM_CONVERSION = YES;
				CLANG_WARN_INFINITE_RECURSION = YES;
				CLANG_WARN_INT_CONVERSION = YES;
				CLANG_WARN_NON_LITERAL_NULL_CONVERSION = YES;
				CLANG_WARN_OBJC_IMPLICIT_RETAIN_SELF = YES;
				CLANG_WARN_OBJC_LITERAL_CONVERSION = YES;
				CLANG_WARN_OBJC_ROOT_CLASS = YES_ERROR;
				CLANG_WARN_QUOTED_INCLUDE_IN_FRAMEWORK_HEADER = YES;
				CLANG_WARN_RANGE_LOOP_ANALYSIS = YES;
				CLANG_WARN_STRICT_PROTOTYPES = YES;
				CLANG_WARN_SUSPICIOUS_MOVE = YES;
				CLANG_WARN_UNGUARDED_AVAILABILITY = YES_AGGRESSIVE;
				CLANG_WARN_UNREACHABLE_CODE = YES;
				CLANG_WARN__DUPLICATE_METHOD_MATCH = YES;
				COPY_PHASE_STRIP = NO;
				DEBUG_INFORMATION_FORMAT = "dwarf-with-dsym";
				ENABLE_NS_ASSERTIONS = NO;
				ENABLE_STRICT_OBJC_MSGSEND = YES;
				GCC_C_LANGUAGE_STANDARD = gnu11;
				GCC_NO_COMMON_BLOCKS = YES;
				GCC_WARN_64_TO_32_BIT_CONVERSION = YES;
				GCC_WARN_ABOUT_RETURN_TYPE = YES_ERROR;
				GCC_WARN_UNDECLARED_SELECTOR = YES;
				GCC_WARN_UNINITIALIZED_AUTOS = YES_AGGRESSIVE;
				GCC_WARN_UNUSED_FUNCTION = YES;
				GCC_WARN_UNUSED_VARIABLE = YES;
				IPHONEOS_DEPLOYMENT_TARGET = 14.0;
				MTL_ENABLE_DEBUG_INFO = NO;
				MTL_FAST_MATH = YES;
				SDKROOT = iphoneos;
				SWIFT_COMPILATION_MODE = wholemodule;
				SWIFT_OPTIMIZATION_LEVEL = "-O";
				VALIDATE_PRODUCT = YES;
			};
			name = Release;
		};
		519FFB3E251B8D8900CFC152 /* Debug */ = {
			isa = XCBuildConfiguration;
			buildSettings = {
				ASSETCATALOG_COMPILER_APPICON_NAME = AppIcon;
				ASSETCATALOG_COMPILER_GLOBAL_ACCENT_COLOR_NAME = AccentColor;
				CODE_SIGN_STYLE = Automatic;
				DEVELOPMENT_ASSET_PATHS = "\"MaxCard/Preview Content\"";
				DEVELOPMENT_TEAM = AL6VB4F4G2;
				ENABLE_PREVIEWS = YES;
				INFOPLIST_FILE = MaxCard/Info.plist;
				IPHONEOS_DEPLOYMENT_TARGET = 14.0;
				LD_RUNPATH_SEARCH_PATHS = (
					"$(inherited)",
					"@executable_path/Frameworks",
				);
				PRODUCT_BUNDLE_IDENTIFIER = com.artdevelop.MaxCard;
				PRODUCT_NAME = "$(TARGET_NAME)";
				SWIFT_VERSION = 5.0;
				TARGETED_DEVICE_FAMILY = "1,2";
			};
			name = Debug;
		};
		519FFB3F251B8D8900CFC152 /* Release */ = {
			isa = XCBuildConfiguration;
			buildSettings = {
				ASSETCATALOG_COMPILER_APPICON_NAME = AppIcon;
				ASSETCATALOG_COMPILER_GLOBAL_ACCENT_COLOR_NAME = AccentColor;
				CODE_SIGN_STYLE = Automatic;
				DEVELOPMENT_ASSET_PATHS = "\"MaxCard/Preview Content\"";
				DEVELOPMENT_TEAM = AL6VB4F4G2;
				ENABLE_PREVIEWS = YES;
				INFOPLIST_FILE = MaxCard/Info.plist;
				IPHONEOS_DEPLOYMENT_TARGET = 14.0;
				LD_RUNPATH_SEARCH_PATHS = (
					"$(inherited)",
					"@executable_path/Frameworks",
				);
				PRODUCT_BUNDLE_IDENTIFIER = com.artdevelop.MaxCard;
				PRODUCT_NAME = "$(TARGET_NAME)";
				SWIFT_VERSION = 5.0;
				TARGETED_DEVICE_FAMILY = "1,2";
			};
			name = Release;
		};
/* End XCBuildConfiguration section */

/* Begin XCConfigurationList section */
		519FFB29251B8D8800CFC152 /* Build configuration list for PBXProject "MaxCard" */ = {
			isa = XCConfigurationList;
			buildConfigurations = (
				519FFB3B251B8D8900CFC152 /* Debug */,
				519FFB3C251B8D8900CFC152 /* Release */,
			);
			defaultConfigurationIsVisible = 0;
			defaultConfigurationName = Release;
		};
		519FFB3D251B8D8900CFC152 /* Build configuration list for PBXNativeTarget "MaxCard" */ = {
			isa = XCConfigurationList;
			buildConfigurations = (
				519FFB3E251B8D8900CFC152 /* Debug */,
				519FFB3F251B8D8900CFC152 /* Release */,
			);
			defaultConfigurationIsVisible = 0;
			defaultConfigurationName = Release;
		};
/* End XCConfigurationList section */
	};
	rootObject = 519FFB26251B8D8800CFC152 /* Project object */;
}
